
Microsoft Visual Studio Solution File, Format Version 12.00
# Visual Studio Version 16
VisualStudioVersion = 16.0.30223.230
MinimumVisualStudioVersion = 10.0.40219.1
Project("{2150E333-8FDC-42A3-9474-1A3956D46DE8}") = "Src", "Src", "{1BB62FF1-4B39-46B7-8267-D3A298B511D6}"
EndProject
Project("{2150E333-8FDC-42A3-9474-1A3956D46DE8}") = "Tests", "Tests", "{62A9C7B9-9E1E-451B-AB9F-6F752DDF7D08}"
EndProject
Project("{2150E333-8FDC-42A3-9474-1A3956D46DE8}") = "Extensions", "Extensions", "{8E408666-2573-4C02-BE07-41808FC7A707}"
EndProject
Project("{2150E333-8FDC-42A3-9474-1A3956D46DE8}") = "Server", "Server", "{E6D484B5-02C1-49CD-ABE0-2739F7AADC49}"
EndProject
Project("{2150E333-8FDC-42A3-9474-1A3956D46DE8}") = "Client", "Client", "{EC3478FE-D323-4504-BAC5-239475A797F9}"
EndProject
Project("{2150E333-8FDC-42A3-9474-1A3956D46DE8}") = "Management", "Management", "{A4B5823B-79D0-49D1-AD58-2B16FBE47A3D}"
EndProject
Project("{2150E333-8FDC-42A3-9474-1A3956D46DE8}") = "Solution Items", "Solution Items", "{A63A4F7E-850F-4E32-8796-863F08B607E4}"
	ProjectSection(SolutionItems) = preProject
		.editorconfig = .editorconfig
		.gitattributes = .gitattributes
		.gitignore = .gitignore
		LICENSE = LICENSE
		README.md = README.md
	EndProjectSection
EndProject
Project("{9A19103F-16F7-4668-BE54-9A1E7A4F7556}") = "Casbin.Sam", "src\Casbin.Sam\Casbin.Sam.csproj", "{E0DC7D86-3D92-4B0B-BF43-ED1D446F930A}"
EndProject
Project("{9A19103F-16F7-4668-BE54-9A1E7A4F7556}") = "Casbin.Sam.Abstractions", "src\Casbin.Sam.Abstractions\Casbin.Sam.Abstractions.csproj", "{CF5D91BF-B1FB-4598-B68C-C831BF774E53}"
EndProject
Project("{9A19103F-16F7-4668-BE54-9A1E7A4F7556}") = "Casbin.Sam.AspNetCore", "src\Casbin.Sam.AspNetCore\Casbin.Sam.AspNetCore.csproj", "{1112F13B-F7B6-42AC-A708-F60C7EF56592}"
EndProject
Project("{9A19103F-16F7-4668-BE54-9A1E7A4F7556}") = "Casbin.Sam.Annotations", "src\Casbin.Sam.Annotations\Casbin.Sam.Annotations.csproj", "{2B882DE1-5CF0-4891-8645-F8A75FCDBFE8}"
EndProject
Project("{9A19103F-16F7-4668-BE54-9A1E7A4F7556}") = "Casbin.Sam.Core", "src\Casbin.Sam.Core\Casbin.Sam.Core.csproj", "{2E5495E4-81DE-42D7-97C7-A00828F55DA5}"
EndProject
Project("{9A19103F-16F7-4668-BE54-9A1E7A4F7556}") = "Casbin.Sam.Extensions.IdentityServer", "src\Casbin.Sam.Extensions.IdentityServer\Casbin.Sam.Extensions.IdentityServer.csproj", "{FB03C598-1FB9-4B04-9126-03BD0B0E0D73}"
EndProject
Project("{9A19103F-16F7-4668-BE54-9A1E7A4F7556}") = "Casbin.Sam.Extensions.Steeltoe", "src\Casbin.Sam.Extensions.Steeltoe\Casbin.Sam.Extensions.Steeltoe.csproj", "{AAF698A8-C207-4158-98AA-9F90A999C9F8}"
EndProject
Project("{9A19103F-16F7-4668-BE54-9A1E7A4F7556}") = "Casbin.Sam.Extensions.Identity", "src\Casbin.Sam.Extensions.Identity\Casbin.Sam.Extensions.Identity.csproj", "{E1AFDBFF-22A5-4424-8ABE-5E677A13F081}"
EndProject
Project("{9A19103F-16F7-4668-BE54-9A1E7A4F7556}") = "Casbin.Sam.Server", "src\Casbin.Sam.Server\Casbin.Sam.Server.csproj", "{A4352B05-DC03-44FE-97C5-911E23CC8E1A}"
EndProject
Project("{9A19103F-16F7-4668-BE54-9A1E7A4F7556}") = "Casbin.Sam.Server.WebApi", "src\Casbin.Sam.Server.WebApi\Casbin.Sam.Server.WebApi.csproj", "{1C66F5E3-D357-4E62-B609-55E9B7973DCC}"
EndProject
Project("{9A19103F-16F7-4668-BE54-9A1E7A4F7556}") = "Casbin.Sam.Client", "src\Casbin.Sam.Client\Casbin.Sam.Client.csproj", "{9DEE3D1F-19F9-4201-978E-31BF6492924B}"
EndProject
Project("{9A19103F-16F7-4668-BE54-9A1E7A4F7556}") = "Casbin.Sam.Management", "src\Casbin.Sam.Management\Casbin.Sam.Management.csproj", "{44B167DA-DC32-45B7-9F4F-CF1F3CA595C0}"
EndProject
Project("{9A19103F-16F7-4668-BE54-9A1E7A4F7556}") = "Casbin.Sam.Management.Store", "src\Casbin.Sam.Management.Store\Casbin.Sam.Management.Store.csproj", "{809677B4-6347-46DF-95F0-50BB76FAB435}"
EndProject
Project("{9A19103F-16F7-4668-BE54-9A1E7A4F7556}") = "Casbin.Sam.Management.Store.EntityFrameworkCore", "src\Casbin.Sam.Management.Store.EntityFrameworkCore\Casbin.Sam.Management.Store.EntityFrameworkCore.csproj", "{2C9706CC-EDFA-4286-B903-E0E955A18724}"
EndProject
Project("{FAE04EC0-301F-11D3-BF4B-00C04F79EFBC}") = "Casbin.Sam.Management.Tests", "test\Casbin.Sam.Management.Tests\Casbin.Sam.Management.Tests.csproj", "{FADE57C6-7E5A-43E7-B607-DC2E99EB66C1}"
EndProject
Project("{FAE04EC0-301F-11D3-BF4B-00C04F79EFBC}") = "Casbin.Sam.Server.Tests", "test\Casbin.Sam.Server.Tests\Casbin.Sam.Server.Tests.csproj", "{95A3920D-DCE5-4E2D-A9C4-F042749B504D}"
EndProject
Global
	GlobalSection(SolutionConfigurationPlatforms) = preSolution
		Debug|Any CPU = Debug|Any CPU
		Release|Any CPU = Release|Any CPU
	EndGlobalSection
	GlobalSection(ProjectConfigurationPlatforms) = postSolution
		{E0DC7D86-3D92-4B0B-BF43-ED1D446F930A}.Debug|Any CPU.ActiveCfg = Debug|Any CPU
		{E0DC7D86-3D92-4B0B-BF43-ED1D446F930A}.Debug|Any CPU.Build.0 = Debug|Any CPU
		{E0DC7D86-3D92-4B0B-BF43-ED1D446F930A}.Release|Any CPU.ActiveCfg = Release|Any CPU
		{E0DC7D86-3D92-4B0B-BF43-ED1D446F930A}.Release|Any CPU.Build.0 = Release|Any CPU
		{CF5D91BF-B1FB-4598-B68C-C831BF774E53}.Debug|Any CPU.ActiveCfg = Debug|Any CPU
		{CF5D91BF-B1FB-4598-B68C-C831BF774E53}.Debug|Any CPU.Build.0 = Debug|Any CPU
		{CF5D91BF-B1FB-4598-B68C-C831BF774E53}.Release|Any CPU.ActiveCfg = Release|Any CPU
		{CF5D91BF-B1FB-4598-B68C-C831BF774E53}.Release|Any CPU.Build.0 = Release|Any CPU
		{1112F13B-F7B6-42AC-A708-F60C7EF56592}.Debug|Any CPU.ActiveCfg = Debug|Any CPU
		{1112F13B-F7B6-42AC-A708-F60C7EF56592}.Debug|Any CPU.Build.0 = Debug|Any CPU
		{1112F13B-F7B6-42AC-A708-F60C7EF56592}.Release|Any CPU.ActiveCfg = Release|Any CPU
		{1112F13B-F7B6-42AC-A708-F60C7EF56592}.Release|Any CPU.Build.0 = Release|Any CPU
		{2B882DE1-5CF0-4891-8645-F8A75FCDBFE8}.Debug|Any CPU.ActiveCfg = Debug|Any CPU
		{2B882DE1-5CF0-4891-8645-F8A75FCDBFE8}.Debug|Any CPU.Build.0 = Debug|Any CPU
		{2B882DE1-5CF0-4891-8645-F8A75FCDBFE8}.Release|Any CPU.ActiveCfg = Release|Any CPU
		{2B882DE1-5CF0-4891-8645-F8A75FCDBFE8}.Release|Any CPU.Build.0 = Release|Any CPU
		{2E5495E4-81DE-42D7-97C7-A00828F55DA5}.Debug|Any CPU.ActiveCfg = Debug|Any CPU
		{2E5495E4-81DE-42D7-97C7-A00828F55DA5}.Debug|Any CPU.Build.0 = Debug|Any CPU
		{2E5495E4-81DE-42D7-97C7-A00828F55DA5}.Release|Any CPU.ActiveCfg = Release|Any CPU
		{2E5495E4-81DE-42D7-97C7-A00828F55DA5}.Release|Any CPU.Build.0 = Release|Any CPU
		{FB03C598-1FB9-4B04-9126-03BD0B0E0D73}.Debug|Any CPU.ActiveCfg = Debug|Any CPU
		{FB03C598-1FB9-4B04-9126-03BD0B0E0D73}.Debug|Any CPU.Build.0 = Debug|Any CPU
		{FB03C598-1FB9-4B04-9126-03BD0B0E0D73}.Release|Any CPU.ActiveCfg = Release|Any CPU
		{FB03C598-1FB9-4B04-9126-03BD0B0E0D73}.Release|Any CPU.Build.0 = Release|Any CPU
		{AAF698A8-C207-4158-98AA-9F90A999C9F8}.Debug|Any CPU.ActiveCfg = Debug|Any CPU
		{AAF698A8-C207-4158-98AA-9F90A999C9F8}.Debug|Any CPU.Build.0 = Debug|Any CPU
		{AAF698A8-C207-4158-98AA-9F90A999C9F8}.Release|Any CPU.ActiveCfg = Release|Any CPU
		{AAF698A8-C207-4158-98AA-9F90A999C9F8}.Release|Any CPU.Build.0 = Release|Any CPU
		{E1AFDBFF-22A5-4424-8ABE-5E677A13F081}.Debug|Any CPU.ActiveCfg = Debug|Any CPU
		{E1AFDBFF-22A5-4424-8ABE-5E677A13F081}.Debug|Any CPU.Build.0 = Debug|Any CPU
		{E1AFDBFF-22A5-4424-8ABE-5E677A13F081}.Release|Any CPU.ActiveCfg = Release|Any CPU
		{E1AFDBFF-22A5-4424-8ABE-5E677A13F081}.Release|Any CPU.Build.0 = Release|Any CPU
		{A4352B05-DC03-44FE-97C5-911E23CC8E1A}.Debug|Any CPU.ActiveCfg = Debug|Any CPU
		{A4352B05-DC03-44FE-97C5-911E23CC8E1A}.Debug|Any CPU.Build.0 = Debug|Any CPU
		{A4352B05-DC03-44FE-97C5-911E23CC8E1A}.Release|Any CPU.ActiveCfg = Release|Any CPU
		{A4352B05-DC03-44FE-97C5-911E23CC8E1A}.Release|Any CPU.Build.0 = Release|Any CPU
		{1C66F5E3-D357-4E62-B609-55E9B7973DCC}.Debug|Any CPU.ActiveCfg = Debug|Any CPU
		{1C66F5E3-D357-4E62-B609-55E9B7973DCC}.Debug|Any CPU.Build.0 = Debug|Any CPU
		{1C66F5E3-D357-4E62-B609-55E9B7973DCC}.Release|Any CPU.ActiveCfg = Release|Any CPU
		{1C66F5E3-D357-4E62-B609-55E9B7973DCC}.Release|Any CPU.Build.0 = Release|Any CPU
		{9DEE3D1F-19F9-4201-978E-31BF6492924B}.Debug|Any CPU.ActiveCfg = Debug|Any CPU
		{9DEE3D1F-19F9-4201-978E-31BF6492924B}.Debug|Any CPU.Build.0 = Debug|Any CPU
		{9DEE3D1F-19F9-4201-978E-31BF6492924B}.Release|Any CPU.ActiveCfg = Release|Any CPU
		{9DEE3D1F-19F9-4201-978E-31BF6492924B}.Release|Any CPU.Build.0 = Release|Any CPU
		{44B167DA-DC32-45B7-9F4F-CF1F3CA595C0}.Debug|Any CPU.ActiveCfg = Debug|Any CPU
		{44B167DA-DC32-45B7-9F4F-CF1F3CA595C0}.Debug|Any CPU.Build.0 = Debug|Any CPU
		{44B167DA-DC32-45B7-9F4F-CF1F3CA595C0}.Release|Any CPU.ActiveCfg = Release|Any CPU
		{44B167DA-DC32-45B7-9F4F-CF1F3CA595C0}.Release|Any CPU.Build.0 = Release|Any CPU
		{809677B4-6347-46DF-95F0-50BB76FAB435}.Debug|Any CPU.ActiveCfg = Debug|Any CPU
		{809677B4-6347-46DF-95F0-50BB76FAB435}.Debug|Any CPU.Build.0 = Debug|Any CPU
		{809677B4-6347-46DF-95F0-50BB76FAB435}.Release|Any CPU.ActiveCfg = Release|Any CPU
		{809677B4-6347-46DF-95F0-50BB76FAB435}.Release|Any CPU.Build.0 = Release|Any CPU
		{2C9706CC-EDFA-4286-B903-E0E955A18724}.Debug|Any CPU.ActiveCfg = Debug|Any CPU
		{2C9706CC-EDFA-4286-B903-E0E955A18724}.Debug|Any CPU.Build.0 = Debug|Any CPU
		{2C9706CC-EDFA-4286-B903-E0E955A18724}.Release|Any CPU.ActiveCfg = Release|Any CPU
		{2C9706CC-EDFA-4286-B903-E0E955A18724}.Release|Any CPU.Build.0 = Release|Any CPU
		{FADE57C6-7E5A-43E7-B607-DC2E99EB66C1}.Debug|Any CPU.ActiveCfg = Debug|Any CPU
		{FADE57C6-7E5A-43E7-B607-DC2E99EB66C1}.Debug|Any CPU.Build.0 = Debug|Any CPU
		{FADE57C6-7E5A-43E7-B607-DC2E99EB66C1}.Release|Any CPU.ActiveCfg = Release|Any CPU
		{FADE57C6-7E5A-43E7-B607-DC2E99EB66C1}.Release|Any CPU.Build.0 = Release|Any CPU
		{95A3920D-DCE5-4E2D-A9C4-F042749B504D}.Debug|Any CPU.ActiveCfg = Debug|Any CPU
		{95A3920D-DCE5-4E2D-A9C4-F042749B504D}.Debug|Any CPU.Build.0 = Debug|Any CPU
		{95A3920D-DCE5-4E2D-A9C4-F042749B504D}.Release|Any CPU.ActiveCfg = Release|Any CPU
		{95A3920D-DCE5-4E2D-A9C4-F042749B504D}.Release|Any CPU.Build.0 = Release|Any CPU
	EndGlobalSection
	GlobalSection(SolutionProperties) = preSolution
		HideSolutionNode = FALSE
	EndGlobalSection
	GlobalSection(NestedProjects) = preSolution
		{8E408666-2573-4C02-BE07-41808FC7A707} = {1BB62FF1-4B39-46B7-8267-D3A298B511D6}
		{E6D484B5-02C1-49CD-ABE0-2739F7AADC49} = {1BB62FF1-4B39-46B7-8267-D3A298B511D6}
		{EC3478FE-D323-4504-BAC5-239475A797F9} = {1BB62FF1-4B39-46B7-8267-D3A298B511D6}
		{A4B5823B-79D0-49D1-AD58-2B16FBE47A3D} = {1BB62FF1-4B39-46B7-8267-D3A298B511D6}
		{E0DC7D86-3D92-4B0B-BF43-ED1D446F930A} = {1BB62FF1-4B39-46B7-8267-D3A298B511D6}
		{CF5D91BF-B1FB-4598-B68C-C831BF774E53} = {1BB62FF1-4B39-46B7-8267-D3A298B511D6}
		{1112F13B-F7B6-42AC-A708-F60C7EF56592} = {1BB62FF1-4B39-46B7-8267-D3A298B511D6}
		{2B882DE1-5CF0-4891-8645-F8A75FCDBFE8} = {1BB62FF1-4B39-46B7-8267-D3A298B511D6}
		{2E5495E4-81DE-42D7-97C7-A00828F55DA5} = {1BB62FF1-4B39-46B7-8267-D3A298B511D6}
		{FB03C598-1FB9-4B04-9126-03BD0B0E0D73} = {8E408666-2573-4C02-BE07-41808FC7A707}
		{AAF698A8-C207-4158-98AA-9F90A999C9F8} = {8E408666-2573-4C02-BE07-41808FC7A707}
		{E1AFDBFF-22A5-4424-8ABE-5E677A13F081} = {8E408666-2573-4C02-BE07-41808FC7A707}
		{A4352B05-DC03-44FE-97C5-911E23CC8E1A} = {E6D484B5-02C1-49CD-ABE0-2739F7AADC49}
		{1C66F5E3-D357-4E62-B609-55E9B7973DCC} = {E6D484B5-02C1-49CD-ABE0-2739F7AADC49}
		{9DEE3D1F-19F9-4201-978E-31BF6492924B} = {EC3478FE-D323-4504-BAC5-239475A797F9}
		{44B167DA-DC32-45B7-9F4F-CF1F3CA595C0} = {A4B5823B-79D0-49D1-AD58-2B16FBE47A3D}
		{809677B4-6347-46DF-95F0-50BB76FAB435} = {A4B5823B-79D0-49D1-AD58-2B16FBE47A3D}
		{2C9706CC-EDFA-4286-B903-E0E955A18724} = {A4B5823B-79D0-49D1-AD58-2B16FBE47A3D}
		{FADE57C6-7E5A-43E7-B607-DC2E99EB66C1} = {62A9C7B9-9E1E-451B-AB9F-6F752DDF7D08}
		{95A3920D-DCE5-4E2D-A9C4-F042749B504D} = {62A9C7B9-9E1E-451B-AB9F-6F752DDF7D08}
	EndGlobalSection
	GlobalSection(ExtensibilityGlobals) = postSolution
		SolutionGuid = {83929693-03F1-417C-90F2-D7357636C330}
	EndGlobalSection
EndGlobal
